
Microsoft Visual Studio Solution File, Format Version 12.00
# Visual Studio Version 17
VisualStudioVersion = 17.1.32210.238
MinimumVisualStudioVersion = 10.0.40219.1
Project("{2150E333-8FDC-42A3-9474-1A3956D46DE8}") = "CollectIt.MVC", "CollectIt.MVC", "{DC116A32-10E3-402C-8601-7CA57F3F3C90}"
EndProject
Project("{FAE04EC0-301F-11D3-BF4B-00C04F79EFBC}") = "CollectIt.MVC.Account.Entities", "CollectIt.MVC\CollectIt.MVC.Account.Entities\CollectIt.MVC.Account.Entities.csproj", "{5BAB2DFA-3559-4C7F-940E-760AF941DCCD}"
EndProject
Project("{FAE04EC0-301F-11D3-BF4B-00C04F79EFBC}") = "CollectIt.MVC.Account.Infrastructure", "CollectIt.MVC\CollectIt.MVC.Account.Infrastructure\CollectIt.MVC.Account.Infrastructure.csproj", "{A1490BF3-F353-4F8C-8DF9-346A2A205216}"
EndProject
Project("{FAE04EC0-301F-11D3-BF4B-00C04F79EFBC}") = "CollectIt.MVC.Account.Abstractions", "CollectIt.MVC\CollectIt.MVC.Account.Abstractions\CollectIt.MVC.Account.Abstractions.csproj", "{40D4F35B-B595-4136-891E-B0319A3AB45C}"
EndProject
Project("{FAE04EC0-301F-11D3-BF4B-00C04F79EFBC}") = "CollectIt.MVC.Infrastructure", "CollectIt.MVC\CollectIt.MVC.Infrastructure\CollectIt.MVC.Infrastructure.csproj", "{98F97BB5-D789-4C68-A1BD-42F3258D820D}"
EndProject
Project("{FAE04EC0-301F-11D3-BF4B-00C04F79EFBC}") = "CollectIt.MVC.Abstractions", "CollectIt.MVC\CollectIt.MVC.Abstractions\CollectIt.MVC.Abstractions.csproj", "{EAC17007-E398-4677-9A73-BA79955F7FE5}"
EndProject
Project("{FAE04EC0-301F-11D3-BF4B-00C04F79EFBC}") = "CollectIt.MVC.Entities", "CollectIt.MVC\CollectIt.MVC.Entities\CollectIt.MVC.Entities.csproj", "{4E3C4D23-B679-4EC8-BC75-6339A7E7F8E5}"
EndProject
Project("{FAE04EC0-301F-11D3-BF4B-00C04F79EFBC}") = "CollectIt.MVC.Resources.Entities", "CollectIt.MVC\CollectIt.MVC.Resources.Entities\CollectIt.MVC.Resources.Entities.csproj", "{15183B7B-D435-486E-879E-C5CB47A5D67B}"
EndProject
Project("{FAE04EC0-301F-11D3-BF4B-00C04F79EFBC}") = "CollectIt.MVC.Resources.Abstractions", "CollectIt.MVC\CollectIt.MVC.Resources.Abstractions\CollectIt.MVC.Resources.Abstractions.csproj", "{4303B05F-1FDF-4FAA-95C5-E6F149A6A27D}"
EndProject
Project("{FAE04EC0-301F-11D3-BF4B-00C04F79EFBC}") = "CollectIt.MVC.Resources.Infrastructure", "CollectIt.MVC\CollectIt.MVC.Resources.Infrastructure\CollectIt.MVC.Resources.Infrastructure.csproj", "{5218F2CD-D73B-4658-B953-E321B97DA603}"
EndProject
Project("{2150E333-8FDC-42A3-9474-1A3956D46DE8}") = "Account", "Account", "{6063B737-E79B-48F5-808A-46B72BE697FC}"
EndProject
Project("{2150E333-8FDC-42A3-9474-1A3956D46DE8}") = "Resources", "Resources", "{501C6B47-32D0-420B-AEA0-7BEC15378A54}"
EndProject
Project("{FAE04EC0-301F-11D3-BF4B-00C04F79EFBC}") = "CollectIt.MVC.View", "CollectIt.MVC\CollectIt.MVC.View\CollectIt.MVC.View.csproj", "{CDF73A03-A1F9-4805-AD93-B5908AB32118}"
EndProject
Global
	GlobalSection(SolutionConfigurationPlatforms) = preSolution
		Debug|Any CPU = Debug|Any CPU
		Release|Any CPU = Release|Any CPU
	EndGlobalSection
	GlobalSection(ProjectConfigurationPlatforms) = postSolution
		{5BAB2DFA-3559-4C7F-940E-760AF941DCCD}.Debug|Any CPU.ActiveCfg = Debug|Any CPU
		{5BAB2DFA-3559-4C7F-940E-760AF941DCCD}.Debug|Any CPU.Build.0 = Debug|Any CPU
		{5BAB2DFA-3559-4C7F-940E-760AF941DCCD}.Release|Any CPU.ActiveCfg = Release|Any CPU
		{5BAB2DFA-3559-4C7F-940E-760AF941DCCD}.Release|Any CPU.Build.0 = Release|Any CPU
		{A1490BF3-F353-4F8C-8DF9-346A2A205216}.Debug|Any CPU.ActiveCfg = Debug|Any CPU
		{A1490BF3-F353-4F8C-8DF9-346A2A205216}.Debug|Any CPU.Build.0 = Debug|Any CPU
		{A1490BF3-F353-4F8C-8DF9-346A2A205216}.Release|Any CPU.ActiveCfg = Release|Any CPU
		{A1490BF3-F353-4F8C-8DF9-346A2A205216}.Release|Any CPU.Build.0 = Release|Any CPU
		{40D4F35B-B595-4136-891E-B0319A3AB45C}.Debug|Any CPU.ActiveCfg = Debug|Any CPU
		{40D4F35B-B595-4136-891E-B0319A3AB45C}.Debug|Any CPU.Build.0 = Debug|Any CPU
		{40D4F35B-B595-4136-891E-B0319A3AB45C}.Release|Any CPU.ActiveCfg = Release|Any CPU
		{40D4F35B-B595-4136-891E-B0319A3AB45C}.Release|Any CPU.Build.0 = Release|Any CPU
		{98F97BB5-D789-4C68-A1BD-42F3258D820D}.Debug|Any CPU.ActiveCfg = Debug|Any CPU
		{98F97BB5-D789-4C68-A1BD-42F3258D820D}.Debug|Any CPU.Build.0 = Debug|Any CPU
		{98F97BB5-D789-4C68-A1BD-42F3258D820D}.Release|Any CPU.ActiveCfg = Release|Any CPU
		{98F97BB5-D789-4C68-A1BD-42F3258D820D}.Release|Any CPU.Build.0 = Release|Any CPU
		{EAC17007-E398-4677-9A73-BA79955F7FE5}.Debug|Any CPU.ActiveCfg = Debug|Any CPU
		{EAC17007-E398-4677-9A73-BA79955F7FE5}.Debug|Any CPU.Build.0 = Debug|Any CPU
		{EAC17007-E398-4677-9A73-BA79955F7FE5}.Release|Any CPU.ActiveCfg = Release|Any CPU
		{EAC17007-E398-4677-9A73-BA79955F7FE5}.Release|Any CPU.Build.0 = Release|Any CPU
		{4E3C4D23-B679-4EC8-BC75-6339A7E7F8E5}.Debug|Any CPU.ActiveCfg = Debug|Any CPU
		{4E3C4D23-B679-4EC8-BC75-6339A7E7F8E5}.Debug|Any CPU.Build.0 = Debug|Any CPU
		{4E3C4D23-B679-4EC8-BC75-6339A7E7F8E5}.Release|Any CPU.ActiveCfg = Release|Any CPU
		{4E3C4D23-B679-4EC8-BC75-6339A7E7F8E5}.Release|Any CPU.Build.0 = Release|Any CPU
		{15183B7B-D435-486E-879E-C5CB47A5D67B}.Debug|Any CPU.ActiveCfg = Debug|Any CPU
		{15183B7B-D435-486E-879E-C5CB47A5D67B}.Debug|Any CPU.Build.0 = Debug|Any CPU
		{15183B7B-D435-486E-879E-C5CB47A5D67B}.Release|Any CPU.ActiveCfg = Release|Any CPU
		{15183B7B-D435-486E-879E-C5CB47A5D67B}.Release|Any CPU.Build.0 = Release|Any CPU
		{4303B05F-1FDF-4FAA-95C5-E6F149A6A27D}.Debug|Any CPU.ActiveCfg = Debug|Any CPU
		{4303B05F-1FDF-4FAA-95C5-E6F149A6A27D}.Debug|Any CPU.Build.0 = Debug|Any CPU
		{4303B05F-1FDF-4FAA-95C5-E6F149A6A27D}.Release|Any CPU.ActiveCfg = Release|Any CPU
		{4303B05F-1FDF-4FAA-95C5-E6F149A6A27D}.Release|Any CPU.Build.0 = Release|Any CPU
		{5218F2CD-D73B-4658-B953-E321B97DA603}.Debug|Any CPU.ActiveCfg = Debug|Any CPU
		{5218F2CD-D73B-4658-B953-E321B97DA603}.Debug|Any CPU.Build.0 = Debug|Any CPU
		{5218F2CD-D73B-4658-B953-E321B97DA603}.Release|Any CPU.ActiveCfg = Release|Any CPU
		{5218F2CD-D73B-4658-B953-E321B97DA603}.Release|Any CPU.Build.0 = Release|Any CPU
		{CDF73A03-A1F9-4805-AD93-B5908AB32118}.Debug|Any CPU.ActiveCfg = Debug|Any CPU
		{CDF73A03-A1F9-4805-AD93-B5908AB32118}.Debug|Any CPU.Build.0 = Debug|Any CPU
		{CDF73A03-A1F9-4805-AD93-B5908AB32118}.Release|Any CPU.ActiveCfg = Release|Any CPU
		{CDF73A03-A1F9-4805-AD93-B5908AB32118}.Release|Any CPU.Build.0 = Release|Any CPU
	EndGlobalSection
	GlobalSection(SolutionProperties) = preSolution
		HideSolutionNode = FALSE
	EndGlobalSection
	GlobalSection(NestedProjects) = preSolution
		{98F97BB5-D789-4C68-A1BD-42F3258D820D} = {DC116A32-10E3-402C-8601-7CA57F3F3C90}
		{EAC17007-E398-4677-9A73-BA79955F7FE5} = {DC116A32-10E3-402C-8601-7CA57F3F3C90}
		{4E3C4D23-B679-4EC8-BC75-6339A7E7F8E5} = {DC116A32-10E3-402C-8601-7CA57F3F3C90}
		{6063B737-E79B-48F5-808A-46B72BE697FC} = {DC116A32-10E3-402C-8601-7CA57F3F3C90}
		{40D4F35B-B595-4136-891E-B0319A3AB45C} = {6063B737-E79B-48F5-808A-46B72BE697FC}
		{5BAB2DFA-3559-4C7F-940E-760AF941DCCD} = {6063B737-E79B-48F5-808A-46B72BE697FC}
		{A1490BF3-F353-4F8C-8DF9-346A2A205216} = {6063B737-E79B-48F5-808A-46B72BE697FC}
		{501C6B47-32D0-420B-AEA0-7BEC15378A54} = {DC116A32-10E3-402C-8601-7CA57F3F3C90}
		{4303B05F-1FDF-4FAA-95C5-E6F149A6A27D} = {501C6B47-32D0-420B-AEA0-7BEC15378A54}
		{15183B7B-D435-486E-879E-C5CB47A5D67B} = {501C6B47-32D0-420B-AEA0-7BEC15378A54}
		{5218F2CD-D73B-4658-B953-E321B97DA603} = {501C6B47-32D0-420B-AEA0-7BEC15378A54}
		{CDF73A03-A1F9-4805-AD93-B5908AB32118} = {DC116A32-10E3-402C-8601-7CA57F3F3C90}
	EndGlobalSection
	GlobalSection(ExtensibilityGlobals) = postSolution
		SolutionGuid = {64C656DC-092E-4E17-9225-83A8D6DECE36}
	EndGlobalSection
EndGlobal
